
Microsoft Visual Studio Solution File, Format Version 12.00
# Visual Studio Version 17
VisualStudioVersion = 17.5.33502.453
MinimumVisualStudioVersion = 10.0.40219.1
Project("{FAE04EC0-301F-11D3-BF4B-00C04F79EFBC}") = "TestDrive.Android", "Roteiro.Android\TestDrive.Android.csproj", "{D419FB8D-161C-423B-9432-540B9B4F6E59}"
EndProject
Project("{FAE04EC0-301F-11D3-BF4B-00C04F79EFBC}") = "TestDrive.iOS", "Roteiro.iOS\TestDrive.iOS.csproj", "{2A31590A-A307-4C0C-B704-DC3C9AD06830}"
EndProject
Project("{9A19103F-16F7-4668-BE54-9A1E7A4F7556}") = "TestDrive", "Roteiro\TestDrive.csproj", "{598BC470-74E7-4EDA-B453-E30C6F628392}"
EndProject
Global
	GlobalSection(SolutionConfigurationPlatforms) = preSolution
		Debug|Any CPU = Debug|Any CPU
		Debug|iPhone = Debug|iPhone
		Debug|iPhoneSimulator = Debug|iPhoneSimulator
		Release|Any CPU = Release|Any CPU
		Release|iPhone = Release|iPhone
		Release|iPhoneSimulator = Release|iPhoneSimulator
	EndGlobalSection
	GlobalSection(ProjectConfigurationPlatforms) = postSolution
		{D419FB8D-161C-423B-9432-540B9B4F6E59}.Debug|Any CPU.ActiveCfg = Debug|Any CPU
		{D419FB8D-161C-423B-9432-540B9B4F6E59}.Debug|Any CPU.Build.0 = Debug|Any CPU
		{D419FB8D-161C-423B-9432-540B9B4F6E59}.Debug|Any CPU.Deploy.0 = Debug|Any CPU
		{D419FB8D-161C-423B-9432-540B9B4F6E59}.Debug|iPhone.ActiveCfg = Debug|Any CPU
		{D419FB8D-161C-423B-9432-540B9B4F6E59}.Debug|iPhone.Build.0 = Debug|Any CPU
		{D419FB8D-161C-423B-9432-540B9B4F6E59}.Debug|iPhone.Deploy.0 = Debug|Any CPU
		{D419FB8D-161C-423B-9432-540B9B4F6E59}.Debug|iPhoneSimulator.ActiveCfg = Debug|Any CPU
		{D419FB8D-161C-423B-9432-540B9B4F6E59}.Debug|iPhoneSimulator.Build.0 = Debug|Any CPU
		{D419FB8D-161C-423B-9432-540B9B4F6E59}.Debug|iPhoneSimulator.Deploy.0 = Debug|Any CPU
		{D419FB8D-161C-423B-9432-540B9B4F6E59}.Release|Any CPU.ActiveCfg = Release|Any CPU
		{D419FB8D-161C-423B-9432-540B9B4F6E59}.Release|Any CPU.Build.0 = Release|Any CPU
		{D419FB8D-161C-423B-9432-540B9B4F6E59}.Release|Any CPU.Deploy.0 = Release|Any CPU
		{D419FB8D-161C-423B-9432-540B9B4F6E59}.Release|iPhone.ActiveCfg = Release|Any CPU
		{D419FB8D-161C-423B-9432-540B9B4F6E59}.Release|iPhone.Build.0 = Release|Any CPU
		{D419FB8D-161C-423B-9432-540B9B4F6E59}.Release|iPhone.Deploy.0 = Release|Any CPU
		{D419FB8D-161C-423B-9432-540B9B4F6E59}.Release|iPhoneSimulator.ActiveCfg = Release|Any CPU
		{D419FB8D-161C-423B-9432-540B9B4F6E59}.Release|iPhoneSimulator.Build.0 = Release|Any CPU
		{D419FB8D-161C-423B-9432-540B9B4F6E59}.Release|iPhoneSimulator.Deploy.0 = Release|Any CPU
		{2A31590A-A307-4C0C-B704-DC3C9AD06830}.Debug|Any CPU.ActiveCfg = Debug|iPhone
		{2A31590A-A307-4C0C-B704-DC3C9AD06830}.Debug|Any CPU.Build.0 = Debug|iPhone
		{2A31590A-A307-4C0C-B704-DC3C9AD06830}.Debug|Any CPU.Deploy.0 = Debug|iPhone
		{2A31590A-A307-4C0C-B704-DC3C9AD06830}.Debug|iPhone.ActiveCfg = Debug|iPhone
		{2A31590A-A307-4C0C-B704-DC3C9AD06830}.Debug|iPhone.Build.0 = Debug|iPhone
		{2A31590A-A307-4C0C-B704-DC3C9AD06830}.Debug|iPhone.Deploy.0 = Debug|iPhone
		{2A31590A-A307-4C0C-B704-DC3C9AD06830}.Debug|iPhoneSimulator.ActiveCfg = Debug|iPhoneSimulator
		{2A31590A-A307-4C0C-B704-DC3C9AD06830}.Debug|iPhoneSimulator.Build.0 = Debug|iPhoneSimulator
		{2A31590A-A307-4C0C-B704-DC3C9AD06830}.Debug|iPhoneSimulator.Deploy.0 = Debug|iPhoneSimulator
		{2A31590A-A307-4C0C-B704-DC3C9AD06830}.Release|Any CPU.ActiveCfg = Release|iPhoneSimulator
		{2A31590A-A307-4C0C-B704-DC3C9AD06830}.Release|Any CPU.Build.0 = Release|iPhoneSimulator
		{2A31590A-A307-4C0C-B704-DC3C9AD06830}.Release|Any CPU.Deploy.0 = Release|iPhoneSimulator
		{2A31590A-A307-4C0C-B704-DC3C9AD06830}.Release|iPhone.ActiveCfg = Release|iPhone
		{2A31590A-A307-4C0C-B704-DC3C9AD06830}.Release|iPhone.Build.0 = Release|iPhone
		{2A31590A-A307-4C0C-B704-DC3C9AD06830}.Release|iPhone.Deploy.0 = Release|iPhone
		{2A31590A-A307-4C0C-B704-DC3C9AD06830}.Release|iPhoneSimulator.ActiveCfg = Release|iPhoneSimulator
		{2A31590A-A307-4C0C-B704-DC3C9AD06830}.Release|iPhoneSimulator.Build.0 = Release|iPhoneSimulator
		{2A31590A-A307-4C0C-B704-DC3C9AD06830}.Release|iPhoneSimulator.Deploy.0 = Release|iPhoneSimulator
		{598BC470-74E7-4EDA-B453-E30C6F628392}.Debug|Any CPU.ActiveCfg = Debug|Any CPU
		{598BC470-74E7-4EDA-B453-E30C6F628392}.Debug|Any CPU.Build.0 = Debug|Any CPU
		{598BC470-74E7-4EDA-B453-E30C6F628392}.Debug|Any CPU.Deploy.0 = Debug|Any CPU
		{598BC470-74E7-4EDA-B453-E30C6F628392}.Debug|iPhone.ActiveCfg = Debug|Any CPU
		{598BC470-74E7-4EDA-B453-E30C6F628392}.Debug|iPhone.Build.0 = Debug|Any CPU
		{598BC470-74E7-4EDA-B453-E30C6F628392}.Debug|iPhone.Deploy.0 = Debug|Any CPU
		{598BC470-74E7-4EDA-B453-E30C6F628392}.Debug|iPhoneSimulator.ActiveCfg = Debug|Any CPU
		{598BC470-74E7-4EDA-B453-E30C6F628392}.Debug|iPhoneSimulator.Build.0 = Debug|Any CPU
		{598BC470-74E7-4EDA-B453-E30C6F628392}.Debug|iPhoneSimulator.Deploy.0 = Debug|Any CPU
		{598BC470-74E7-4EDA-B453-E30C6F628392}.Release|Any CPU.ActiveCfg = Release|Any CPU
		{598BC470-74E7-4EDA-B453-E30C6F628392}.Release|Any CPU.Build.0 = Release|Any CPU
		{598BC470-74E7-4EDA-B453-E30C6F628392}.Release|Any CPU.Deploy.0 = Release|Any CPU
		{598BC470-74E7-4EDA-B453-E30C6F628392}.Release|iPhone.ActiveCfg = Release|Any CPU
		{598BC470-74E7-4EDA-B453-E30C6F628392}.Release|iPhone.Build.0 = Release|Any CPU
		{598BC470-74E7-4EDA-B453-E30C6F628392}.Release|iPhone.Deploy.0 = Release|Any CPU
		{598BC470-74E7-4EDA-B453-E30C6F628392}.Release|iPhoneSimulator.ActiveCfg = Release|Any CPU
		{598BC470-74E7-4EDA-B453-E30C6F628392}.Release|iPhoneSimulator.Build.0 = Release|Any CPU
		{598BC470-74E7-4EDA-B453-E30C6F628392}.Release|iPhoneSimulator.Deploy.0 = Release|Any CPU
	EndGlobalSection
	GlobalSection(SolutionProperties) = preSolution
		HideSolutionNode = FALSE
	EndGlobalSection
	GlobalSection(ExtensibilityGlobals) = postSolution
		SolutionGuid = {23CDEDBA-169F-4F2B-892D-8757C038B792}
	EndGlobalSection
EndGlobal
